{
  "name": "gxwf",
  "version": "0.1.0",
  "lockfileVersion": 2,
  "requires": true,
  "packages": {
    "": {
      "name": "gxwf",
      "version": "0.1.0",
      "license": "MIT",
      "workspaces": [
        "gx-workflow-ls-format2",
        "gx-workflow-ls-native",
        "packages/*"
      ]
    },
    "gx-workflow-ls-format2": {
      "version": "0.1.0",
      "license": "MIT",
      "dependencies": {
        "@gxwf/server-common": "*",
        "@gxwf/yaml-language-service": "*",
        "vscode-languageserver": "^7.0.0",
        "vscode-languageserver-textdocument": "^1.0.4",
        "vscode-languageserver-types": "^3.16.0",
        "vscode-uri": "^3.0.3"
      }
    },
    "gx-workflow-ls-native": {
      "version": "0.1.0",
      "license": "MIT",
      "dependencies": {
        "@gxwf/server-common": "*",
        "jsonc-parser": "^3.0.0",
        "vscode-json-languageservice": "^4.2.1",
        "vscode-languageserver": "^7.0.0",
        "vscode-languageserver-textdocument": "^1.0.4",
        "vscode-languageserver-types": "^3.16.0",
        "vscode-uri": "^3.0.3"
      }
    },
    "node_modules/@gxwf/server-common": {
      "resolved": "packages/server-common",
      "link": true
    },
    "node_modules/@gxwf/yaml-language-service": {
      "resolved": "packages/yaml-language-service",
      "link": true
    },
    "node_modules/@types/node": {
      "version": "17.0.42",
      "license": "MIT"
    },
    "node_modules/gx-workflow-ls-format2": {
      "resolved": "gx-workflow-ls-format2",
      "link": true
    },
    "node_modules/gx-workflow-ls-native": {
      "resolved": "gx-workflow-ls-native",
      "link": true
    },
    "node_modules/jsonc-parser": {
      "version": "3.0.0",
      "license": "MIT"
    },
    "node_modules/vscode-json-languageservice": {
      "version": "4.2.1",
      "license": "MIT",
      "dependencies": {
        "jsonc-parser": "^3.0.0",
        "vscode-languageserver-textdocument": "^1.0.3",
        "vscode-languageserver-types": "^3.16.0",
        "vscode-nls": "^5.0.0",
        "vscode-uri": "^3.0.3"
      }
    },
    "node_modules/vscode-jsonrpc": {
      "version": "6.0.0",
      "license": "MIT",
      "engines": {
        "node": ">=8.0.0 || >=10.0.0"
      }
    },
    "node_modules/vscode-languageserver": {
      "version": "7.0.0",
      "license": "MIT",
      "dependencies": {
        "vscode-languageserver-protocol": "3.16.0"
      },
      "bin": {
        "installServerIntoExtension": "bin/installServerIntoExtension"
      }
    },
    "node_modules/vscode-languageserver-protocol": {
      "version": "3.16.0",
      "license": "MIT",
      "dependencies": {
        "vscode-jsonrpc": "6.0.0",
        "vscode-languageserver-types": "3.16.0"
      }
    },
    "node_modules/vscode-languageserver-textdocument": {
      "version": "1.0.4",
      "license": "MIT"
    },
    "node_modules/vscode-languageserver-types": {
      "version": "3.16.0",
      "license": "MIT"
    },
    "node_modules/vscode-nls": {
      "version": "5.0.1",
      "license": "MIT"
    },
    "node_modules/vscode-uri": {
      "version": "3.0.3",
      "license": "MIT"
    },
    "node_modules/yaml": {
      "version": "2.1.1",
      "license": "ISC",
      "engines": {
        "node": ">= 14"
      }
    },
    "packages/server-common": {
      "name": "@gxwf/server-common",
      "version": "0.1.0",
      "license": "MIT",
      "dependencies": {
        "@types/node": "^17.0.42",
        "vscode-json-languageservice": "^4.2.1",
        "vscode-languageserver": "^7.0.0",
        "vscode-languageserver-textdocument": "^1.0.4",
        "vscode-languageserver-types": "^3.16.0",
        "vscode-uri": "^3.0.3"
      }
    },
    "packages/yaml-language-service": {
      "name": "@gxwf/yaml-language-service",
      "version": "0.1.0",
      "license": "MIT",
      "dependencies": {
        "@gxwf/server-common": "*",
        "vscode-languageserver-textdocument": "^1.0.4",
        "vscode-languageserver-types": "^3.16.0",
        "vscode-uri": "^3.0.3",
        "yaml": "^2.1.1"
      }
    }
  },
  "dependencies": {
    "@gxwf/server-common": {
      "version": "file:packages/server-common",
      "requires": {
        "@types/node": "^17.0.42",
        "vscode-json-languageservice": "^4.2.1",
        "vscode-languageserver": "^7.0.0",
        "vscode-languageserver-textdocument": "^1.0.4",
        "vscode-languageserver-types": "^3.16.0",
        "vscode-uri": "^3.0.3"
      }
    },
    "@gxwf/yaml-language-service": {
      "version": "file:packages/yaml-language-service",
      "requires": {
        "@gxwf/server-common": "*",
        "vscode-languageserver-textdocument": "^1.0.4",
        "vscode-languageserver-types": "^3.16.0",
        "vscode-uri": "^3.0.3",
        "yaml": "^2.1.1"
      }
    },
    "@types/node": {
      "version": "17.0.42"
    },
    "gx-workflow-ls-format2": {
      "version": "file:gx-workflow-ls-format2",
      "requires": {
        "@gxwf/server-common": "*",
        "@gxwf/yaml-language-service": "*",
        "vscode-languageserver": "^7.0.0",
        "vscode-languageserver-textdocument": "^1.0.4",
        "vscode-languageserver-types": "^3.16.0",
        "vscode-uri": "^3.0.3"
      }
    },
    "gx-workflow-ls-native": {
      "version": "file:gx-workflow-ls-native",
      "requires": {
        "@gxwf/server-common": "*",
        "jsonc-parser": "^3.0.0",
        "vscode-json-languageservice": "^4.2.1",
        "vscode-languageserver": "^7.0.0",
        "vscode-languageserver-textdocument": "^1.0.4",
        "vscode-languageserver-types": "^3.16.0",
        "vscode-uri": "^3.0.3"
      }
    },
    "jsonc-parser": {
      "version": "3.0.0"
    },
    "vscode-json-languageservice": {
      "version": "4.2.1",
      "requires": {
        "jsonc-parser": "^3.0.0",
        "vscode-languageserver-textdocument": "^1.0.3",
        "vscode-languageserver-types": "^3.16.0",
        "vscode-nls": "^5.0.0",
        "vscode-uri": "^3.0.3"
      }
    },
    "vscode-jsonrpc": {
      "version": "6.0.0"
    },
    "vscode-languageserver": {
      "version": "7.0.0",
      "requires": {
        "vscode-languageserver-protocol": "3.16.0"
      }
    },
    "vscode-languageserver-protocol": {
      "version": "3.16.0",
      "requires": {
        "vscode-jsonrpc": "6.0.0",
        "vscode-languageserver-types": "3.16.0"
      }
    },
    "vscode-languageserver-textdocument": {
      "version": "1.0.4"
    },
    "vscode-languageserver-types": {
      "version": "3.16.0"
    },
    "vscode-nls": {
      "version": "5.0.1"
    },
    "vscode-uri": {
      "version": "3.0.3"
    },
    "yaml": {
      "version": "2.1.1"
    }
  }
}
