{
  "name": "gxwf",
  "version": "0.1.0",
  "lockfileVersion": 2,
  "requires": true,
  "packages": {
    "": {
      "name": "gxwf",
      "version": "0.1.0",
      "license": "MIT",
      "workspaces": [
        "gx-workflow-ls-format2",
        "gx-workflow-ls-native",
        "packages/*"
      ]
    },
    "gx-workflow-ls-format2": {
      "version": "0.1.0",
      "license": "MIT",
      "dependencies": {
        "@gxwf/server-common": "*",
        "@gxwf/workflow-tests-language-service": "*",
        "@gxwf/yaml-language-service": "*",
        "vscode-languageserver": "^8.1.0",
        "vscode-languageserver-textdocument": "^1.0.8",
        "vscode-languageserver-types": "^3.17.3",
        "vscode-uri": "^3.0.7"
      }
    },
    "gx-workflow-ls-native": {
      "version": "0.1.0",
      "license": "MIT",
      "dependencies": {
        "@gxwf/server-common": "*",
        "@gxwf/workflow-tests-language-service": "*",
        "jsonc-parser": "^3.2.0",
        "vscode-json-languageservice": "^5.3.6",
        "vscode-languageserver": "^8.1.0",
        "vscode-languageserver-textdocument": "^1.0.8",
        "vscode-languageserver-types": "^3.17.3",
        "vscode-uri": "^3.0.7"
      }
    },
    "node_modules/@gxwf/server-common": {
      "resolved": "packages/server-common",
      "link": true
    },
    "node_modules/@gxwf/workflow-tests-language-service": {
      "resolved": "packages/workflow-tests-language-service",
      "link": true
    },
    "node_modules/@gxwf/yaml-language-service": {
      "resolved": "packages/yaml-language-service",
      "link": true
    },
    "node_modules/@types/node": {
      "version": "20.5.7",
      "resolved": "https://registry.npmjs.org/@types/node/-/node-20.5.7.tgz",
      "integrity": "sha512-dP7f3LdZIysZnmvP3ANJYTSwg+wLLl8p7RqniVlV7j+oXSXAbt9h0WIBFmJy5inWZoX9wZN6eXx+YXd9Rh3RBA=="
    },
    "node_modules/@vscode/l10n": {
      "version": "0.0.16",
      "resolved": "https://registry.npmjs.org/@vscode/l10n/-/l10n-0.0.16.tgz",
      "integrity": "sha512-JT5CvrIYYCrmB+dCana8sUqJEcGB1ZDXNLMQ2+42bW995WmNoenijWMUdZfwmuQUTQcEVVIa2OecZzTYWUW9Cg=="
    },
    "node_modules/gx-workflow-ls-format2": {
      "resolved": "gx-workflow-ls-format2",
      "link": true
    },
    "node_modules/gx-workflow-ls-native": {
      "resolved": "gx-workflow-ls-native",
      "link": true
    },
    "node_modules/jsonc-parser": {
      "version": "3.2.0",
      "resolved": "https://registry.npmjs.org/jsonc-parser/-/jsonc-parser-3.2.0.tgz",
      "integrity": "sha512-gfFQZrcTc8CnKXp6Y4/CBT3fTc0OVuDofpre4aEeEpSBPV5X5v4+Vmx+8snU7RLPrNHPKSgLxGo9YuQzz20o+w=="
    },
    "node_modules/vscode-json-languageservice": {
      "version": "5.3.6",
      "resolved": "https://registry.npmjs.org/vscode-json-languageservice/-/vscode-json-languageservice-5.3.6.tgz",
      "integrity": "sha512-P4kthBi3GMLKi7Lmp24nkKHAWxbFfCsIDBPlMrK1Tag1aqbl3l60UferDkfAasupDVBM2dekbArzGycUjw8OHA==",
      "dependencies": {
        "@vscode/l10n": "^0.0.16",
        "jsonc-parser": "^3.2.0",
        "vscode-languageserver-textdocument": "^1.0.8",
        "vscode-languageserver-types": "^3.17.3",
        "vscode-uri": "^3.0.7"
      }
    },
    "node_modules/vscode-jsonrpc": {
      "version": "8.1.0",
      "resolved": "https://registry.npmjs.org/vscode-jsonrpc/-/vscode-jsonrpc-8.1.0.tgz",
      "integrity": "sha512-6TDy/abTQk+zDGYazgbIPc+4JoXdwC8NHU9Pbn4UJP1fehUyZmM4RHp5IthX7A6L5KS30PRui+j+tbbMMMafdw==",
      "engines": {
        "node": ">=14.0.0"
      }
    },
    "node_modules/vscode-languageserver": {
      "version": "8.1.0",
      "resolved": "https://registry.npmjs.org/vscode-languageserver/-/vscode-languageserver-8.1.0.tgz",
      "integrity": "sha512-eUt8f1z2N2IEUDBsKaNapkz7jl5QpskN2Y0G01T/ItMxBxw1fJwvtySGB9QMecatne8jFIWJGWI61dWjyTLQsw==",
      "dependencies": {
        "vscode-languageserver-protocol": "3.17.3"
      },
      "bin": {
        "installServerIntoExtension": "bin/installServerIntoExtension"
      }
    },
    "node_modules/vscode-languageserver-protocol": {
      "version": "3.17.3",
      "resolved": "https://registry.npmjs.org/vscode-languageserver-protocol/-/vscode-languageserver-protocol-3.17.3.tgz",
      "integrity": "sha512-924/h0AqsMtA5yK22GgMtCYiMdCOtWTSGgUOkgEDX+wk2b0x4sAfLiO4NxBxqbiVtz7K7/1/RgVrVI0NClZwqA==",
      "dependencies": {
        "vscode-jsonrpc": "8.1.0",
        "vscode-languageserver-types": "3.17.3"
      }
    },
    "node_modules/vscode-languageserver-textdocument": {
      "version": "1.0.8",
      "resolved": "https://registry.npmjs.org/vscode-languageserver-textdocument/-/vscode-languageserver-textdocument-1.0.8.tgz",
      "integrity": "sha512-1bonkGqQs5/fxGT5UchTgjGVnfysL0O8v1AYMBjqTbWQTFn721zaPGDYFkOKtfDgFiSgXM3KwaG3FMGfW4Ed9Q=="
    },
    "node_modules/vscode-languageserver-types": {
      "version": "3.17.3",
      "resolved": "https://registry.npmjs.org/vscode-languageserver-types/-/vscode-languageserver-types-3.17.3.tgz",
      "integrity": "sha512-SYU4z1dL0PyIMd4Vj8YOqFvHu7Hz/enbWtpfnVbJHU4Nd1YNYx8u0ennumc6h48GQNeOLxmwySmnADouT/AuZA=="
    },
    "node_modules/vscode-uri": {
      "version": "3.0.7",
      "resolved": "https://registry.npmjs.org/vscode-uri/-/vscode-uri-3.0.7.tgz",
      "integrity": "sha512-eOpPHogvorZRobNqJGhapa0JdwaxpjVvyBp0QIUMRMSf8ZAlqOdEquKuRmw9Qwu0qXtJIWqFtMkmvJjUZmMjVA=="
    },
    "node_modules/yaml": {
      "version": "2.3.2",
      "resolved": "https://registry.npmjs.org/yaml/-/yaml-2.3.2.tgz",
      "integrity": "sha512-N/lyzTPaJasoDmfV7YTrYCI0G/3ivm/9wdG0aHuheKowWQwGTsK0Eoiw6utmzAnI6pkJa0DUVygvp3spqqEKXg==",
      "engines": {
        "node": ">= 14"
      }
    },
    "packages/server-common": {
      "name": "@gxwf/server-common",
      "version": "0.1.0",
      "license": "MIT",
      "dependencies": {
        "@types/node": "^20.5.7",
        "vscode-json-languageservice": "^5.3.6",
        "vscode-languageserver": "^8.1.0",
        "vscode-languageserver-textdocument": "^1.0.8",
        "vscode-languageserver-types": "^3.17.3",
        "vscode-uri": "^3.0.7"
      }
    },
    "packages/workflow-tests-language-service": {
      "name": "@gxwf/workflow-tests-language-service",
      "version": "0.1.0",
      "license": "MIT",
      "dependencies": {
        "@gxwf/server-common": "*",
        "@gxwf/yaml-language-service": "*",
        "vscode-languageserver": "^8.1.0",
        "vscode-languageserver-textdocument": "^1.0.8",
        "vscode-languageserver-types": "^3.17.3",
        "vscode-uri": "^3.0.7"
      }
    },
    "packages/yaml-language-service": {
      "name": "@gxwf/yaml-language-service",
      "version": "0.1.0",
      "license": "MIT",
      "dependencies": {
        "@gxwf/server-common": "*",
        "vscode-languageserver-textdocument": "^1.0.8",
        "vscode-languageserver-types": "^3.17.3",
        "vscode-uri": "^3.0.7",
        "yaml": "^2.3.2"
      }
    }
  },
  "dependencies": {
    "@gxwf/server-common": {
      "version": "file:packages/server-common",
      "requires": {
        "@types/node": "^20.5.7",
        "vscode-json-languageservice": "^5.3.6",
        "vscode-languageserver": "^8.1.0",
        "vscode-languageserver-textdocument": "^1.0.8",
        "vscode-languageserver-types": "^3.17.3",
        "vscode-uri": "^3.0.7"
      }
    },
    "@gxwf/workflow-tests-language-service": {
      "version": "file:packages/workflow-tests-language-service",
      "requires": {
        "@gxwf/server-common": "*",
        "@gxwf/yaml-language-service": "*",
        "vscode-languageserver": "^8.1.0",
        "vscode-languageserver-textdocument": "^1.0.8",
        "vscode-languageserver-types": "^3.17.3",
        "vscode-uri": "^3.0.7"
      }
    },
    "@gxwf/yaml-language-service": {
      "version": "file:packages/yaml-language-service",
      "requires": {
        "@gxwf/server-common": "*",
        "vscode-languageserver-textdocument": "^1.0.8",
        "vscode-languageserver-types": "^3.17.3",
        "vscode-uri": "^3.0.7",
        "yaml": "^2.3.2"
      }
    },
    "@types/node": {
      "version": "20.5.7",
      "resolved": "https://registry.npmjs.org/@types/node/-/node-20.5.7.tgz",
      "integrity": "sha512-dP7f3LdZIysZnmvP3ANJYTSwg+wLLl8p7RqniVlV7j+oXSXAbt9h0WIBFmJy5inWZoX9wZN6eXx+YXd9Rh3RBA=="
    },
    "@vscode/l10n": {
      "version": "0.0.16",
      "resolved": "https://registry.npmjs.org/@vscode/l10n/-/l10n-0.0.16.tgz",
      "integrity": "sha512-JT5CvrIYYCrmB+dCana8sUqJEcGB1ZDXNLMQ2+42bW995WmNoenijWMUdZfwmuQUTQcEVVIa2OecZzTYWUW9Cg=="
    },
    "gx-workflow-ls-format2": {
      "version": "file:gx-workflow-ls-format2",
      "requires": {
        "@gxwf/server-common": "*",
        "@gxwf/workflow-tests-language-service": "*",
        "@gxwf/yaml-language-service": "*",
        "vscode-languageserver": "^8.1.0",
        "vscode-languageserver-textdocument": "^1.0.8",
        "vscode-languageserver-types": "^3.17.3",
        "vscode-uri": "^3.0.7"
      }
    },
    "gx-workflow-ls-native": {
      "version": "file:gx-workflow-ls-native",
      "requires": {
        "@gxwf/server-common": "*",
        "@gxwf/workflow-tests-language-service": "*",
        "jsonc-parser": "^3.2.0",
        "vscode-json-languageservice": "^5.3.6",
        "vscode-languageserver": "^8.1.0",
        "vscode-languageserver-textdocument": "^1.0.8",
        "vscode-languageserver-types": "^3.17.3",
        "vscode-uri": "^3.0.7"
      }
    },
    "jsonc-parser": {
      "version": "3.2.0",
      "resolved": "https://registry.npmjs.org/jsonc-parser/-/jsonc-parser-3.2.0.tgz",
      "integrity": "sha512-gfFQZrcTc8CnKXp6Y4/CBT3fTc0OVuDofpre4aEeEpSBPV5X5v4+Vmx+8snU7RLPrNHPKSgLxGo9YuQzz20o+w=="
    },
    "vscode-json-languageservice": {
      "version": "5.3.6",
      "resolved": "https://registry.npmjs.org/vscode-json-languageservice/-/vscode-json-languageservice-5.3.6.tgz",
      "integrity": "sha512-P4kthBi3GMLKi7Lmp24nkKHAWxbFfCsIDBPlMrK1Tag1aqbl3l60UferDkfAasupDVBM2dekbArzGycUjw8OHA==",
      "requires": {
        "@vscode/l10n": "^0.0.16",
        "jsonc-parser": "^3.2.0",
        "vscode-languageserver-textdocument": "^1.0.8",
        "vscode-languageserver-types": "^3.17.3",
        "vscode-uri": "^3.0.7"
      }
    },
    "vscode-jsonrpc": {
      "version": "8.1.0",
      "resolved": "https://registry.npmjs.org/vscode-jsonrpc/-/vscode-jsonrpc-8.1.0.tgz",
      "integrity": "sha512-6TDy/abTQk+zDGYazgbIPc+4JoXdwC8NHU9Pbn4UJP1fehUyZmM4RHp5IthX7A6L5KS30PRui+j+tbbMMMafdw=="
    },
    "vscode-languageserver": {
      "version": "8.1.0",
      "resolved": "https://registry.npmjs.org/vscode-languageserver/-/vscode-languageserver-8.1.0.tgz",
      "integrity": "sha512-eUt8f1z2N2IEUDBsKaNapkz7jl5QpskN2Y0G01T/ItMxBxw1fJwvtySGB9QMecatne8jFIWJGWI61dWjyTLQsw==",
      "requires": {
        "vscode-languageserver-protocol": "3.17.3"
      }
    },
    "vscode-languageserver-protocol": {
      "version": "3.17.3",
      "resolved": "https://registry.npmjs.org/vscode-languageserver-protocol/-/vscode-languageserver-protocol-3.17.3.tgz",
      "integrity": "sha512-924/h0AqsMtA5yK22GgMtCYiMdCOtWTSGgUOkgEDX+wk2b0x4sAfLiO4NxBxqbiVtz7K7/1/RgVrVI0NClZwqA==",
      "requires": {
        "vscode-jsonrpc": "8.1.0",
        "vscode-languageserver-types": "3.17.3"
      }
    },
    "vscode-languageserver-textdocument": {
      "version": "1.0.8",
      "resolved": "https://registry.npmjs.org/vscode-languageserver-textdocument/-/vscode-languageserver-textdocument-1.0.8.tgz",
      "integrity": "sha512-1bonkGqQs5/fxGT5UchTgjGVnfysL0O8v1AYMBjqTbWQTFn721zaPGDYFkOKtfDgFiSgXM3KwaG3FMGfW4Ed9Q=="
    },
    "vscode-languageserver-types": {
      "version": "3.17.3",
      "resolved": "https://registry.npmjs.org/vscode-languageserver-types/-/vscode-languageserver-types-3.17.3.tgz",
      "integrity": "sha512-SYU4z1dL0PyIMd4Vj8YOqFvHu7Hz/enbWtpfnVbJHU4Nd1YNYx8u0ennumc6h48GQNeOLxmwySmnADouT/AuZA=="
    },
    "vscode-uri": {
      "version": "3.0.7",
      "resolved": "https://registry.npmjs.org/vscode-uri/-/vscode-uri-3.0.7.tgz",
      "integrity": "sha512-eOpPHogvorZRobNqJGhapa0JdwaxpjVvyBp0QIUMRMSf8ZAlqOdEquKuRmw9Qwu0qXtJIWqFtMkmvJjUZmMjVA=="
    },
    "yaml": {
      "version": "2.3.2",
      "resolved": "https://registry.npmjs.org/yaml/-/yaml-2.3.2.tgz",
      "integrity": "sha512-N/lyzTPaJasoDmfV7YTrYCI0G/3ivm/9wdG0aHuheKowWQwGTsK0Eoiw6utmzAnI6pkJa0DUVygvp3spqqEKXg=="
    }
  }
}
